{
  "name": "banecompiler",
  "version": "1.0.0",
  "lockfileVersion": 1,
  "requires": true,
  "dependencies": {
    "@richardanaya/seed": {
      "version": "0.0.1",
      "resolved": "https://registry.npmjs.org/@richardanaya/seed/-/seed-0.0.1.tgz",
      "integrity": "sha512-L9uqIOmOyDh3hbnGISJLUWrMc1D2hkV4hIpZ/myXdivnCkIRUo0Y3p5/ATD+41aVlKmJ/0LlSqB6ZwlAOpfvnA==",
      "requires": {
        "flattenbytes": "^1.0.0"
      }
    },
    "flattenbytes": {
      "version": "1.0.0",
      "resolved": "https://registry.npmjs.org/flattenbytes/-/flattenbytes-1.0.0.tgz",
      "integrity": "sha512-PhpdpR9jw2Ix2LHQUH7sn4wDg0wT3esHvfkNmdxLLcXkxi/caHMgdOpuMpznOzSqBrKSSqC+9sp0fb7mmikiRw=="
    }
  }
}
